
Microsoft Visual Studio Solution File, Format Version 12.00
# Visual Studio Version 16
VisualStudioVersion = 16.0.29609.76
MinimumVisualStudioVersion = 10.0.40219.1
Project("{FAE04EC0-301F-11D3-BF4B-00C04F79EFBC}") = "Calculator", "Calculator.csproj", "{B3603139-3988-45F7-80B2-5AD875E7E7B7}"
EndProject
Global
	GlobalSection(SolutionConfigurationPlatforms) = preSolution
		Debug|Any CPU = Debug|Any CPU
		Release|Any CPU = Release|Any CPU
	EndGlobalSection
	GlobalSection(ProjectConfigurationPlatforms) = postSolution
		{B3603139-3988-45F7-80B2-5AD875E7E7B7}.Debug|Any CPU.ActiveCfg = Debug|Any CPU
		{B3603139-3988-45F7-80B2-5AD875E7E7B7}.Debug|Any CPU.Build.0 = Debug|Any CPU
		{B3603139-3988-45F7-80B2-5AD875E7E7B7}.Release|Any CPU.ActiveCfg = Release|Any CPU
		{B3603139-3988-45F7-80B2-5AD875E7E7B7}.Release|Any CPU.Build.0 = Release|Any CPU
	EndGlobalSection
	GlobalSection(SolutionProperties) = preSolution
		HideSolutionNode = FALSE
	EndGlobalSection
	GlobalSection(ExtensibilityGlobals) = postSolution
		SolutionGuid = {E4EF14A3-D1E6-4776-AD65-9C1516BB1BD0}
	EndGlobalSection
EndGlobal
